
Microsoft Visual Studio Solution File, Format Version 12.00
# Visual Studio Version 17
VisualStudioVersion = 17.11.35327.3
MinimumVisualStudioVersion = 10.0.40219.1
Project("{FAE04EC0-301F-11D3-BF4B-00C04F79EFBC}") = "Arduino", "Arduino\Arduino.csproj", "{8D52A3C4-32B6-4EFB-A582-1C734C8FB35F}"
EndProject
Global
	GlobalSection(SolutionConfigurationPlatforms) = preSolution
		Debug|Any CPU = Debug|Any CPU
		Release|Any CPU = Release|Any CPU
	EndGlobalSection
	GlobalSection(ProjectConfigurationPlatforms) = postSolution
		{8D52A3C4-32B6-4EFB-A582-1C734C8FB35F}.Debug|Any CPU.ActiveCfg = Debug|Any CPU
		{8D52A3C4-32B6-4EFB-A582-1C734C8FB35F}.Debug|Any CPU.Build.0 = Debug|Any CPU
		{8D52A3C4-32B6-4EFB-A582-1C734C8FB35F}.Release|Any CPU.ActiveCfg = Release|Any CPU
		{8D52A3C4-32B6-4EFB-A582-1C734C8FB35F}.Release|Any CPU.Build.0 = Release|Any CPU
	EndGlobalSection
	GlobalSection(SolutionProperties) = preSolution
		HideSolutionNode = FALSE
	EndGlobalSection
	GlobalSection(ExtensibilityGlobals) = postSolution
		SolutionGuid = {19EB3128-B865-4409-BE49-A8B5F9C5F607}
	EndGlobalSection
EndGlobal
